
Microsoft Visual Studio Solution File, Format Version 12.00
# Visual Studio 2013
VisualStudioVersion = 12.0.31101.0
MinimumVisualStudioVersion = 10.0.40219.1
Project("{FAE04EC0-301F-11D3-BF4B-00C04F79EFBC}") = "FigureDrawer.Presenation", "OOP_1\FigureDrawer.Presenation.csproj", "{3404C636-6290-4175-BAD2-E1171FECE78B}"
EndProject
Project("{FAE04EC0-301F-11D3-BF4B-00C04F79EFBC}") = "FigureDrawer.BusinessLogic", "FigureDrawer.BusinessLogic\FigureDrawer.BusinessLogic.csproj", "{3DCA5C7F-A119-4126-B6A5-60626D1C9200}"
EndProject
Project("{2150E333-8FDC-42A3-9474-1A3956D46DE8}") = "Step1", "Step1", "{9724C3BA-D220-4CEC-BBB9-C66F4FD76DA4}"
EndProject
Project("{2150E333-8FDC-42A3-9474-1A3956D46DE8}") = "Step2", "Step2", "{A7D95D8E-2CBC-4509-AEC7-8EE14A0A38C8}"
EndProject
Project("{FAE04EC0-301F-11D3-BF4B-00C04F79EFBC}") = "FigureDrawer.BusinessLogic2", "FigureDrawer.BusinessLogic2\FigureDrawer.BusinessLogic2.csproj", "{1BC81BD2-FEC6-46E3-A320-59365D92F604}"
EndProject
Project("{FAE04EC0-301F-11D3-BF4B-00C04F79EFBC}") = "FigureDrawer.Presenation2", "FigureDrawer.Presenation2\FigureDrawer.Presenation2.csproj", "{C6E92042-0E1E-4840-8230-876F1D1E15E7}"
EndProject
Global
	GlobalSection(SolutionConfigurationPlatforms) = preSolution
		Debug|Any CPU = Debug|Any CPU
		Release|Any CPU = Release|Any CPU
	EndGlobalSection
	GlobalSection(ProjectConfigurationPlatforms) = postSolution
		{3404C636-6290-4175-BAD2-E1171FECE78B}.Debug|Any CPU.ActiveCfg = Debug|Any CPU
		{3404C636-6290-4175-BAD2-E1171FECE78B}.Debug|Any CPU.Build.0 = Debug|Any CPU
		{3404C636-6290-4175-BAD2-E1171FECE78B}.Release|Any CPU.ActiveCfg = Release|Any CPU
		{3404C636-6290-4175-BAD2-E1171FECE78B}.Release|Any CPU.Build.0 = Release|Any CPU
		{3DCA5C7F-A119-4126-B6A5-60626D1C9200}.Debug|Any CPU.ActiveCfg = Debug|Any CPU
		{3DCA5C7F-A119-4126-B6A5-60626D1C9200}.Debug|Any CPU.Build.0 = Debug|Any CPU
		{3DCA5C7F-A119-4126-B6A5-60626D1C9200}.Release|Any CPU.ActiveCfg = Release|Any CPU
		{3DCA5C7F-A119-4126-B6A5-60626D1C9200}.Release|Any CPU.Build.0 = Release|Any CPU
		{1BC81BD2-FEC6-46E3-A320-59365D92F604}.Debug|Any CPU.ActiveCfg = Debug|Any CPU
		{1BC81BD2-FEC6-46E3-A320-59365D92F604}.Debug|Any CPU.Build.0 = Debug|Any CPU
		{1BC81BD2-FEC6-46E3-A320-59365D92F604}.Release|Any CPU.ActiveCfg = Release|Any CPU
		{1BC81BD2-FEC6-46E3-A320-59365D92F604}.Release|Any CPU.Build.0 = Release|Any CPU
		{C6E92042-0E1E-4840-8230-876F1D1E15E7}.Debug|Any CPU.ActiveCfg = Debug|Any CPU
		{C6E92042-0E1E-4840-8230-876F1D1E15E7}.Debug|Any CPU.Build.0 = Debug|Any CPU
		{C6E92042-0E1E-4840-8230-876F1D1E15E7}.Release|Any CPU.ActiveCfg = Release|Any CPU
		{C6E92042-0E1E-4840-8230-876F1D1E15E7}.Release|Any CPU.Build.0 = Release|Any CPU
	EndGlobalSection
	GlobalSection(SolutionProperties) = preSolution
		HideSolutionNode = FALSE
	EndGlobalSection
	GlobalSection(NestedProjects) = preSolution
		{3404C636-6290-4175-BAD2-E1171FECE78B} = {9724C3BA-D220-4CEC-BBB9-C66F4FD76DA4}
		{3DCA5C7F-A119-4126-B6A5-60626D1C9200} = {9724C3BA-D220-4CEC-BBB9-C66F4FD76DA4}
		{1BC81BD2-FEC6-46E3-A320-59365D92F604} = {A7D95D8E-2CBC-4509-AEC7-8EE14A0A38C8}
		{C6E92042-0E1E-4840-8230-876F1D1E15E7} = {A7D95D8E-2CBC-4509-AEC7-8EE14A0A38C8}
	EndGlobalSection
EndGlobal
